# @generated by Move, please check-in and do not edit manually.

[move]
version = 3
manifest_digest = "FB3244A94286E52FB5A993681949B77BA6D35984CF0128CDE59DF7662D5FD8C9"
deps_digest = "F8BBB0CCB2491CA29A3DF03D6F92277A4F3574266507ACD77214D37ECA3F3082"
dependencies = [
  { id = "Sui", name = "Sui" },
]

[[move.package]]
id = "MoveStdlib"
source = { git = "https://github.com/MystenLabs/sui.git", rev = "framework/testnet", subdir = "crates/sui-framework/packages/move-stdlib" }

[[move.package]]
id = "Sui"
source = { git = "https://github.com/MystenLabs/sui.git", rev = "framework/testnet", subdir = "crates/sui-framework/packages/sui-framework" }

dependencies = [
  { id = "MoveStdlib", name = "MoveStdlib" },
]

[move.toolchain-version]
compiler-version = "1.61.2"
edition = "2024.beta"
flavor = "sui"

[env]

[env.mainnet]
chain-id = "35834a8a"
original-published-id = "0x1ae8ae59af497b5b1d5f6ad51f2fb6e6c6043563598dbc3ea3ded7d1b4965b03"
latest-published-id = "0x1ae8ae59af497b5b1d5f6ad51f2fb6e6c6043563598dbc3ea3ded7d1b4965b03"
published-version = "1"
